
Microsoft Visual Studio Solution File, Format Version 12.00
# Visual Studio Version 17
VisualStudioVersion = 17.4.33103.184
MinimumVisualStudioVersion = 10.0.40219.1
Project("{FAE04EC0-301F-11D3-BF4B-00C04F79EFBC}") = "CounterGame", "CounterGame\CounterGame.csproj", "{12A2C3AD-88A4-41EA-AB8E-8A75C1782E33}"
EndProject
Global
	GlobalSection(SolutionConfigurationPlatforms) = preSolution
		Debug|Any CPU = Debug|Any CPU
		Release|Any CPU = Release|Any CPU
	EndGlobalSection
	GlobalSection(ProjectConfigurationPlatforms) = postSolution
		{12A2C3AD-88A4-41EA-AB8E-8A75C1782E33}.Debug|Any CPU.ActiveCfg = Debug|Any CPU
		{12A2C3AD-88A4-41EA-AB8E-8A75C1782E33}.Debug|Any CPU.Build.0 = Debug|Any CPU
		{12A2C3AD-88A4-41EA-AB8E-8A75C1782E33}.Release|Any CPU.ActiveCfg = Release|Any CPU
		{12A2C3AD-88A4-41EA-AB8E-8A75C1782E33}.Release|Any CPU.Build.0 = Release|Any CPU
	EndGlobalSection
	GlobalSection(SolutionProperties) = preSolution
		HideSolutionNode = FALSE
	EndGlobalSection
	GlobalSection(ExtensibilityGlobals) = postSolution
		SolutionGuid = {3B76AD26-49AE-4A9D-9CD0-6D274018E601}
	EndGlobalSection
EndGlobal
