
Microsoft Visual Studio Solution File, Format Version 12.00
# Visual Studio Version 17
VisualStudioVersion = 17.4.33103.184
MinimumVisualStudioVersion = 10.0.40219.1
Project("{FAE04EC0-301F-11D3-BF4B-00C04F79EFBC}") = "SherlockAndArray", "SherlockAndArray\SherlockAndArray.csproj", "{F2CDDEAD-139C-4DF9-805E-B95D74C345A9}"
EndProject
Global
	GlobalSection(SolutionConfigurationPlatforms) = preSolution
		Debug|Any CPU = Debug|Any CPU
		Release|Any CPU = Release|Any CPU
	EndGlobalSection
	GlobalSection(ProjectConfigurationPlatforms) = postSolution
		{F2CDDEAD-139C-4DF9-805E-B95D74C345A9}.Debug|Any CPU.ActiveCfg = Debug|Any CPU
		{F2CDDEAD-139C-4DF9-805E-B95D74C345A9}.Debug|Any CPU.Build.0 = Debug|Any CPU
		{F2CDDEAD-139C-4DF9-805E-B95D74C345A9}.Release|Any CPU.ActiveCfg = Release|Any CPU
		{F2CDDEAD-139C-4DF9-805E-B95D74C345A9}.Release|Any CPU.Build.0 = Release|Any CPU
	EndGlobalSection
	GlobalSection(SolutionProperties) = preSolution
		HideSolutionNode = FALSE
	EndGlobalSection
	GlobalSection(ExtensibilityGlobals) = postSolution
		SolutionGuid = {B6E3AA89-8B90-47E7-8B16-3F35610900CA}
	EndGlobalSection
EndGlobal
